// !$*UTF8*$!
{
	archiveVersion = 1;
	classes = {
	};
	objectVersion = 50;
	objects = {

/* Begin PBXBuildFile section */
		4C26110C2452D45E001F15F2 /* AppDelegate.swift in Sources */ = {isa = PBXBuildFile; fileRef = 4C26110B2452D45E001F15F2 /* AppDelegate.swift */; };
		4C26110E2452D45E001F15F2 /* SceneDelegate.swift in Sources */ = {isa = PBXBuildFile; fileRef = 4C26110D2452D45E001F15F2 /* SceneDelegate.swift */; };
		4C2611102452D45E001F15F2 /* ViewController.swift in Sources */ = {isa = PBXBuildFile; fileRef = 4C26110F2452D45E001F15F2 /* ViewController.swift */; };
		4C2611152452D460001F15F2 /* Assets.xcassets in Resources */ = {isa = PBXBuildFile; fileRef = 4C2611142452D460001F15F2 /* Assets.xcassets */; };
		4C2611182452D460001F15F2 /* LaunchScreen.storyboard in Resources */ = {isa = PBXBuildFile; fileRef = 4C2611162452D460001F15F2 /* LaunchScreen.storyboard */; };
		4C2611202452D55E001F15F2 /* catalog.json in Resources */ = {isa = PBXBuildFile; fileRef = 4C26111F2452D55E001F15F2 /* catalog.json */; };
		4C2611222452DC01001F15F2 /* ViewController+Layout.swift in Sources */ = {isa = PBXBuildFile; fileRef = 4C2611212452DC01001F15F2 /* ViewController+Layout.swift */; };
		4C2611242452DF20001F15F2 /* CollectionViewDataSource.swift in Sources */ = {isa = PBXBuildFile; fileRef = 4C2611232452DF20001F15F2 /* CollectionViewDataSource.swift */; };
		4C2611272452E027001F15F2 /* ViewController+UISearchBarDelegate.swift in Sources */ = {isa = PBXBuildFile; fileRef = 4C2611252452E027001F15F2 /* ViewController+UISearchBarDelegate.swift */; };
		4C2611282452E027001F15F2 /* ViewController+UICollectionViewDelegate.swift in Sources */ = {isa = PBXBuildFile; fileRef = 4C2611262452E027001F15F2 /* ViewController+UICollectionViewDelegate.swift */; };
		4C26112B2452E0D6001F15F2 /* AsanaService.swift in Sources */ = {isa = PBXBuildFile; fileRef = 4C26112A2452E0D6001F15F2 /* AsanaService.swift */; };
		4C26112D2452E106001F15F2 /* Asana.swift in Sources */ = {isa = PBXBuildFile; fileRef = 4C26112C2452E106001F15F2 /* Asana.swift */; };
/* End PBXBuildFile section */

/* Begin PBXFileReference section */
		4C2611082452D45E001F15F2 /* yogadipika.app */ = {isa = PBXFileReference; explicitFileType = wrapper.application; includeInIndex = 0; path = yogadipika.app; sourceTree = BUILT_PRODUCTS_DIR; };
		4C26110B2452D45E001F15F2 /* AppDelegate.swift */ = {isa = PBXFileReference; lastKnownFileType = sourcecode.swift; path = AppDelegate.swift; sourceTree = "<group>"; };
		4C26110D2452D45E001F15F2 /* SceneDelegate.swift */ = {isa = PBXFileReference; lastKnownFileType = sourcecode.swift; path = SceneDelegate.swift; sourceTree = "<group>"; };
		4C26110F2452D45E001F15F2 /* ViewController.swift */ = {isa = PBXFileReference; lastKnownFileType = sourcecode.swift; path = ViewController.swift; sourceTree = "<group>"; };
		4C2611142452D460001F15F2 /* Assets.xcassets */ = {isa = PBXFileReference; lastKnownFileType = folder.assetcatalog; path = Assets.xcassets; sourceTree = "<group>"; };
		4C2611172452D460001F15F2 /* Base */ = {isa = PBXFileReference; lastKnownFileType = file.storyboard; name = Base; path = Base.lproj/LaunchScreen.storyboard; sourceTree = "<group>"; };
		4C2611192452D460001F15F2 /* Info.plist */ = {isa = PBXFileReference; lastKnownFileType = text.plist.xml; path = Info.plist; sourceTree = "<group>"; };
		4C26111F2452D55E001F15F2 /* catalog.json */ = {isa = PBXFileReference; lastKnownFileType = text.json; path = catalog.json; sourceTree = "<group>"; };
		4C2611212452DC01001F15F2 /* ViewController+Layout.swift */ = {isa = PBXFileReference; lastKnownFileType = sourcecode.swift; path = "ViewController+Layout.swift"; sourceTree = "<group>"; };
		4C2611232452DF20001F15F2 /* CollectionViewDataSource.swift */ = {isa = PBXFileReference; lastKnownFileType = sourcecode.swift; path = CollectionViewDataSource.swift; sourceTree = "<group>"; };
		4C2611252452E027001F15F2 /* ViewController+UISearchBarDelegate.swift */ = {isa = PBXFileReference; fileEncoding = 4; lastKnownFileType = sourcecode.swift; path = "ViewController+UISearchBarDelegate.swift"; sourceTree = "<group>"; };
		4C2611262452E027001F15F2 /* ViewController+UICollectionViewDelegate.swift */ = {isa = PBXFileReference; fileEncoding = 4; lastKnownFileType = sourcecode.swift; path = "ViewController+UICollectionViewDelegate.swift"; sourceTree = "<group>"; };
		4C26112A2452E0D6001F15F2 /* AsanaService.swift */ = {isa = PBXFileReference; lastKnownFileType = sourcecode.swift; name = AsanaService.swift; path = yogadipika/AsanaService.swift; sourceTree = SOURCE_ROOT; };
		4C26112C2452E106001F15F2 /* Asana.swift */ = {isa = PBXFileReference; lastKnownFileType = sourcecode.swift; path = Asana.swift; sourceTree = "<group>"; };
/* End PBXFileReference section */

/* Begin PBXFrameworksBuildPhase section */
		4C2611052452D45E001F15F2 /* Frameworks */ = {
			isa = PBXFrameworksBuildPhase;
			buildActionMask = 2147483647;
			files = (
			);
			runOnlyForDeploymentPostprocessing = 0;
		};
/* End PBXFrameworksBuildPhase section */

/* Begin PBXGroup section */
		4C2610FF2452D45E001F15F2 = {
			isa = PBXGroup;
			children = (
				4C26110A2452D45E001F15F2 /* yogadipika */,
				4C2611092452D45E001F15F2 /* Products */,
			);
			sourceTree = "<group>";
		};
		4C2611092452D45E001F15F2 /* Products */ = {
			isa = PBXGroup;
			children = (
				4C2611082452D45E001F15F2 /* yogadipika.app */,
			);
			name = Products;
			sourceTree = "<group>";
		};
		4C26110A2452D45E001F15F2 /* yogadipika */ = {
			isa = PBXGroup;
			children = (
				4C26112A2452E0D6001F15F2 /* AsanaService.swift */,
				4C26112C2452E106001F15F2 /* Asana.swift */,
				4C2611292452E02A001F15F2 /* ViewController */,
				4C26110B2452D45E001F15F2 /* AppDelegate.swift */,
				4C26110D2452D45E001F15F2 /* SceneDelegate.swift */,
				4C2611142452D460001F15F2 /* Assets.xcassets */,
				4C2611162452D460001F15F2 /* LaunchScreen.storyboard */,
				4C2611192452D460001F15F2 /* Info.plist */,
				4C26111F2452D55E001F15F2 /* catalog.json */,
			);
			path = yogadipika;
			sourceTree = "<group>";
		};
		4C2611292452E02A001F15F2 /* ViewController */ = {
			isa = PBXGroup;
			children = (
				4C2611252452E027001F15F2 /* ViewController+UISearchBarDelegate.swift */,
				4C2611262452E027001F15F2 /* ViewController+UICollectionViewDelegate.swift */,
				4C2611232452DF20001F15F2 /* CollectionViewDataSource.swift */,
				4C26110F2452D45E001F15F2 /* ViewController.swift */,
				4C2611212452DC01001F15F2 /* ViewController+Layout.swift */,
			);
			path = ViewController;
			sourceTree = "<group>";
		};
/* End PBXGroup section */

/* Begin PBXNativeTarget section */
		4C2611072452D45E001F15F2 /* yogadipika */ = {
			isa = PBXNativeTarget;
			buildConfigurationList = 4C26111C2452D460001F15F2 /* Build configuration list for PBXNativeTarget "yogadipika" */;
			buildPhases = (
				4C2611042452D45E001F15F2 /* Sources */,
				4C2611052452D45E001F15F2 /* Frameworks */,
				4C2611062452D45E001F15F2 /* Resources */,
			);
			buildRules = (
			);
			dependencies = (
			);
			name = yogadipika;
			productName = yogadipika;
			productReference = 4C2611082452D45E001F15F2 /* yogadipika.app */;
			productType = "com.apple.product-type.application";
		};
/* End PBXNativeTarget section */

/* Begin PBXProject section */
		4C2611002452D45E001F15F2 /* Project object */ = {
			isa = PBXProject;
			attributes = {
				LastSwiftUpdateCheck = 1130;
				LastUpgradeCheck = 1130;
				ORGANIZATIONNAME = Michael;
				TargetAttributes = {
					4C2611072452D45E001F15F2 = {
						CreatedOnToolsVersion = 11.3.1;
					};
				};
			};
			buildConfigurationList = 4C2611032452D45E001F15F2 /* Build configuration list for PBXProject "yogadipika" */;
			compatibilityVersion = "Xcode 9.3";
			developmentRegion = en;
			hasScannedForEncodings = 0;
			knownRegions = (
				en,
				Base,
			);
			mainGroup = 4C2610FF2452D45E001F15F2;
			productRefGroup = 4C2611092452D45E001F15F2 /* Products */;
			projectDirPath = "";
			projectRoot = "";
			targets = (
				4C2611072452D45E001F15F2 /* yogadipika */,
			);
		};
/* End PBXProject section */

/* Begin PBXResourcesBuildPhase section */
		4C2611062452D45E001F15F2 /* Resources */ = {
			isa = PBXResourcesBuildPhase;
			buildActionMask = 2147483647;
			files = (
				4C2611182452D460001F15F2 /* LaunchScreen.storyboard in Resources */,
				4C2611202452D55E001F15F2 /* catalog.json in Resources */,
				4C2611152452D460001F15F2 /* Assets.xcassets in Resources */,
			);
			runOnlyForDeploymentPostprocessing = 0;
		};
/* End PBXResourcesBuildPhase section */

/* Begin PBXSourcesBuildPhase section */
		4C2611042452D45E001F15F2 /* Sources */ = {
			isa = PBXSourcesBuildPhase;
			buildActionMask = 2147483647;
			files = (
				4C2611282452E027001F15F2 /* ViewController+UICollectionViewDelegate.swift in Sources */,
				4C2611102452D45E001F15F2 /* ViewController.swift in Sources */,
				4C26112B2452E0D6001F15F2 /* AsanaService.swift in Sources */,
				4C26110C2452D45E001F15F2 /* AppDelegate.swift in Sources */,
				4C2611222452DC01001F15F2 /* ViewController+Layout.swift in Sources */,
				4C2611242452DF20001F15F2 /* CollectionViewDataSource.swift in Sources */,
				4C26112D2452E106001F15F2 /* Asana.swift in Sources */,
				4C2611272452E027001F15F2 /* ViewController+UISearchBarDelegate.swift in Sources */,
				4C26110E2452D45E001F15F2 /* SceneDelegate.swift in Sources */,
			);
			runOnlyForDeploymentPostprocessing = 0;
		};
/* End PBXSourcesBuildPhase section */

/* Begin PBXVariantGroup section */
		4C2611162452D460001F15F2 /* LaunchScreen.storyboard */ = {
			isa = PBXVariantGroup;
			children = (
				4C2611172452D460001F15F2 /* Base */,
			);
			name = LaunchScreen.storyboard;
			sourceTree = "<group>";
		};
/* End PBXVariantGroup section */

/* Begin XCBuildConfiguration section */
		4C26111A2452D460001F15F2 /* Debug */ = {
			isa = XCBuildConfiguration;
			buildSettings = {
				ALWAYS_SEARCH_USER_PATHS = NO;
				CLANG_ANALYZER_NONNULL = YES;
				CLANG_ANALYZER_NUMBER_OBJECT_CONVERSION = YES_AGGRESSIVE;
				CLANG_CXX_LANGUAGE_STANDARD = "gnu++14";
				CLANG_CXX_LIBRARY = "libc++";
				CLANG_ENABLE_MODULES = YES;
				CLANG_ENABLE_OBJC_ARC = YES;
				CLANG_ENABLE_OBJC_WEAK = YES;
				CLANG_WARN_BLOCK_CAPTURE_AUTORELEASING = YES;
				CLANG_WARN_BOOL_CONVERSION = YES;
				CLANG_WARN_COMMA = YES;
				CLANG_WARN_CONSTANT_CONVERSION = YES;
				CLANG_WARN_DEPRECATED_OBJC_IMPLEMENTATIONS = YES;
				CLANG_WARN_DIRECT_OBJC_ISA_USAGE = YES_ERROR;
				CLANG_WARN_DOCUMENTATION_COMMENTS = YES;
				CLANG_WARN_EMPTY_BODY = YES;
				CLANG_WARN_ENUM_CONVERSION = YES;
				CLANG_WARN_INFINITE_RECURSION = YES;
				CLANG_WARN_INT_CONVERSION = YES;
				CLANG_WARN_NON_LITERAL_NULL_CONVERSION = YES;
				CLANG_WARN_OBJC_IMPLICIT_RETAIN_SELF = YES;
				CLANG_WARN_OBJC_LITERAL_CONVERSION = YES;
				CLANG_WARN_OBJC_ROOT_CLASS = YES_ERROR;
				CLANG_WARN_RANGE_LOOP_ANALYSIS = YES;
				CLANG_WARN_STRICT_PROTOTYPES = YES;
				CLANG_WARN_SUSPICIOUS_MOVE = YES;
				CLANG_WARN_UNGUARDED_AVAILABILITY = YES_AGGRESSIVE;
				CLANG_WARN_UNREACHABLE_CODE = YES;
				CLANG_WARN__DUPLICATE_METHOD_MATCH = YES;
				COPY_PHASE_STRIP = NO;
				DEBUG_INFORMATION_FORMAT = dwarf;
				ENABLE_STRICT_OBJC_MSGSEND = YES;
				ENABLE_TESTABILITY = YES;
				GCC_C_LANGUAGE_STANDARD = gnu11;
				GCC_DYNAMIC_NO_PIC = NO;
				GCC_NO_COMMON_BLOCKS = YES;
				GCC_OPTIMIZATION_LEVEL = 0;
				GCC_PREPROCESSOR_DEFINITIONS = (
					"DEBUG=1",
					"$(inherited)",
				);
				GCC_WARN_64_TO_32_BIT_CONVERSION = YES;
				GCC_WARN_ABOUT_RETURN_TYPE = YES_ERROR;
				GCC_WARN_UNDECLARED_SELECTOR = YES;
				GCC_WARN_UNINITIALIZED_AUTOS = YES_AGGRESSIVE;
				GCC_WARN_UNUSED_FUNCTION = YES;
				GCC_WARN_UNUSED_VARIABLE = YES;
				IPHONEOS_DEPLOYMENT_TARGET = 13.2;
				MTL_ENABLE_DEBUG_INFO = INCLUDE_SOURCE;
				MTL_FAST_MATH = YES;
				ONLY_ACTIVE_ARCH = YES;
				SDKROOT = iphoneos;
				SWIFT_ACTIVE_COMPILATION_CONDITIONS = DEBUG;
				SWIFT_OPTIMIZATION_LEVEL = "-Onone";
			};
			name = Debug;
		};
		4C26111B2452D460001F15F2 /* Release */ = {
			isa = XCBuildConfiguration;
			buildSettings = {
				ALWAYS_SEARCH_USER_PATHS = NO;
				CLANG_ANALYZER_NONNULL = YES;
				CLANG_ANALYZER_NUMBER_OBJECT_CONVERSION = YES_AGGRESSIVE;
				CLANG_CXX_LANGUAGE_STANDARD = "gnu++14";
				CLANG_CXX_LIBRARY = "libc++";
				CLANG_ENABLE_MODULES = YES;
				CLANG_ENABLE_OBJC_ARC = YES;
				CLANG_ENABLE_OBJC_WEAK = YES;
				CLANG_WARN_BLOCK_CAPTURE_AUTORELEASING = YES;
				CLANG_WARN_BOOL_CONVERSION = YES;
				CLANG_WARN_COMMA = YES;
				CLANG_WARN_CONSTANT_CONVERSION = YES;
				CLANG_WARN_DEPRECATED_OBJC_IMPLEMENTATIONS = YES;
				CLANG_WARN_DIRECT_OBJC_ISA_USAGE = YES_ERROR;
				CLANG_WARN_DOCUMENTATION_COMMENTS = YES;
				CLANG_WARN_EMPTY_BODY = YES;
				CLANG_WARN_ENUM_CONVERSION = YES;
				CLANG_WARN_INFINITE_RECURSION = YES;
				CLANG_WARN_INT_CONVERSION = YES;
				CLANG_WARN_NON_LITERAL_NULL_CONVERSION = YES;
				CLANG_WARN_OBJC_IMPLICIT_RETAIN_SELF = YES;
				CLANG_WARN_OBJC_LITERAL_CONVERSION = YES;
				CLANG_WARN_OBJC_ROOT_CLASS = YES_ERROR;
				CLANG_WARN_RANGE_LOOP_ANALYSIS = YES;
				CLANG_WARN_STRICT_PROTOTYPES = YES;
				CLANG_WARN_SUSPICIOUS_MOVE = YES;
				CLANG_WARN_UNGUARDED_AVAILABILITY = YES_AGGRESSIVE;
				CLANG_WARN_UNREACHABLE_CODE = YES;
				CLANG_WARN__DUPLICATE_METHOD_MATCH = YES;
				COPY_PHASE_STRIP = NO;
				DEBUG_INFORMATION_FORMAT = "dwarf-with-dsym";
				ENABLE_NS_ASSERTIONS = NO;
				ENABLE_STRICT_OBJC_MSGSEND = YES;
				GCC_C_LANGUAGE_STANDARD = gnu11;
				GCC_NO_COMMON_BLOCKS = YES;
				GCC_WARN_64_TO_32_BIT_CONVERSION = YES;
				GCC_WARN_ABOUT_RETURN_TYPE = YES_ERROR;
				GCC_WARN_UNDECLARED_SELECTOR = YES;
				GCC_WARN_UNINITIALIZED_AUTOS = YES_AGGRESSIVE;
				GCC_WARN_UNUSED_FUNCTION = YES;
				GCC_WARN_UNUSED_VARIABLE = YES;
				IPHONEOS_DEPLOYMENT_TARGET = 13.2;
				MTL_ENABLE_DEBUG_INFO = NO;
				MTL_FAST_MATH = YES;
				SDKROOT = iphoneos;
				SWIFT_COMPILATION_MODE = wholemodule;
				SWIFT_OPTIMIZATION_LEVEL = "-O";
				VALIDATE_PRODUCT = YES;
			};
			name = Release;
		};
		4C26111D2452D460001F15F2 /* Debug */ = {
			isa = XCBuildConfiguration;
			buildSettings = {
				ASSETCATALOG_COMPILER_APPICON_NAME = AppIcon;
				CODE_SIGN_STYLE = Automatic;
				DEVELOPMENT_TEAM = 67BUZRGVX2;
				INFOPLIST_FILE = yogadipika/Info.plist;
				LD_RUNPATH_SEARCH_PATHS = (
					"$(inherited)",
					"@executable_path/Frameworks",
				);
				PRODUCT_BUNDLE_IDENTIFIER = customertimes.yogadipika;
				PRODUCT_NAME = "$(TARGET_NAME)";
				SWIFT_VERSION = 5.0;
				TARGETED_DEVICE_FAMILY = 1;
			};
			name = Debug;
		};
		4C26111E2452D460001F15F2 /* Release */ = {
			isa = XCBuildConfiguration;
			buildSettings = {
				ASSETCATALOG_COMPILER_APPICON_NAME = AppIcon;
				CODE_SIGN_STYLE = Automatic;
				DEVELOPMENT_TEAM = 67BUZRGVX2;
				INFOPLIST_FILE = yogadipika/Info.plist;
				LD_RUNPATH_SEARCH_PATHS = (
					"$(inherited)",
					"@executable_path/Frameworks",
				);
				PRODUCT_BUNDLE_IDENTIFIER = customertimes.yogadipika;
				PRODUCT_NAME = "$(TARGET_NAME)";
				SWIFT_VERSION = 5.0;
				TARGETED_DEVICE_FAMILY = 1;
			};
			name = Release;
		};
/* End XCBuildConfiguration section */

/* Begin XCConfigurationList section */
		4C2611032452D45E001F15F2 /* Build configuration list for PBXProject "yogadipika" */ = {
			isa = XCConfigurationList;
			buildConfigurations = (
				4C26111A2452D460001F15F2 /* Debug */,
				4C26111B2452D460001F15F2 /* Release */,
			);
			defaultConfigurationIsVisible = 0;
			defaultConfigurationName = Release;
		};
		4C26111C2452D460001F15F2 /* Build configuration list for PBXNativeTarget "yogadipika" */ = {
			isa = XCConfigurationList;
			buildConfigurations = (
				4C26111D2452D460001F15F2 /* Debug */,
				4C26111E2452D460001F15F2 /* Release */,
			);
			defaultConfigurationIsVisible = 0;
			defaultConfigurationName = Release;
		};
/* End XCConfigurationList section */
	};
	rootObject = 4C2611002452D45E001F15F2 /* Project object */;
}
